// !$*UTF8*$!
{
	archiveVersion = 1;
	classes = {
	};
	objectVersion = 46;
	objects = {

/* Begin PBXBuildFile section */
		80CFC0F7189D80BC002A7295 /* Foundation.framework in Frameworks */ = {isa = PBXBuildFile; fileRef = 80CFC0F6189D80BC002A7295 /* Foundation.framework */; };
		80CFC0F9189D80BC002A7295 /* CoreGraphics.framework in Frameworks */ = {isa = PBXBuildFile; fileRef = 80CFC0F8189D80BC002A7295 /* CoreGraphics.framework */; };
		80CFC0FB189D80BC002A7295 /* UIKit.framework in Frameworks */ = {isa = PBXBuildFile; fileRef = 80CFC0FA189D80BC002A7295 /* UIKit.framework */; };
		80CFC0FD189D80BC002A7295 /* CoreData.framework in Frameworks */ = {isa = PBXBuildFile; fileRef = 80CFC0FC189D80BC002A7295 /* CoreData.framework */; };
		80CFC103189D80BC002A7295 /* InfoPlist.strings in Resources */ = {isa = PBXBuildFile; fileRef = 80CFC101189D80BC002A7295 /* InfoPlist.strings */; };
		80CFC105189D80BC002A7295 /* main.m in Sources */ = {isa = PBXBuildFile; fileRef = 80CFC104189D80BC002A7295 /* main.m */; };
		80CFC109189D80BC002A7295 /* AppDelegate.m in Sources */ = {isa = PBXBuildFile; fileRef = 80CFC108189D80BC002A7295 /* AppDelegate.m */; };
		80CFC10C189D80BC002A7295 /* Servicios.xcdatamodeld in Sources */ = {isa = PBXBuildFile; fileRef = 80CFC10A189D80BC002A7295 /* Servicios.xcdatamodeld */; };
		80CFC10E189D80BC002A7295 /* Images.xcassets in Resources */ = {isa = PBXBuildFile; fileRef = 80CFC10D189D80BC002A7295 /* Images.xcassets */; };
		80CFC115189D80BC002A7295 /* XCTest.framework in Frameworks */ = {isa = PBXBuildFile; fileRef = 80CFC114189D80BC002A7295 /* XCTest.framework */; };
		80CFC116189D80BC002A7295 /* Foundation.framework in Frameworks */ = {isa = PBXBuildFile; fileRef = 80CFC0F6189D80BC002A7295 /* Foundation.framework */; };
		80CFC117189D80BC002A7295 /* UIKit.framework in Frameworks */ = {isa = PBXBuildFile; fileRef = 80CFC0FA189D80BC002A7295 /* UIKit.framework */; };
		80CFC118189D80BC002A7295 /* CoreData.framework in Frameworks */ = {isa = PBXBuildFile; fileRef = 80CFC0FC189D80BC002A7295 /* CoreData.framework */; };
		80CFC120189D80BC002A7295 /* InfoPlist.strings in Resources */ = {isa = PBXBuildFile; fileRef = 80CFC11E189D80BC002A7295 /* InfoPlist.strings */; };
		80CFC122189D80BC002A7295 /* ServiciosTests.m in Sources */ = {isa = PBXBuildFile; fileRef = 80CFC121189D80BC002A7295 /* ServiciosTests.m */; };
		80CFC133189D81B8002A7295 /* Servicios.storyboard in Resources */ = {isa = PBXBuildFile; fileRef = 80CFC132189D81B8002A7295 /* Servicios.storyboard */; };
		80CFC148189D8268002A7295 /* AFHTTPRequestOperation.m in Sources */ = {isa = PBXBuildFile; fileRef = 80CFC136189D8268002A7295 /* AFHTTPRequestOperation.m */; };
		80CFC149189D8268002A7295 /* AFHTTPRequestOperationManager.m in Sources */ = {isa = PBXBuildFile; fileRef = 80CFC138189D8268002A7295 /* AFHTTPRequestOperationManager.m */; };
		80CFC14A189D8268002A7295 /* AFHTTPSessionManager.m in Sources */ = {isa = PBXBuildFile; fileRef = 80CFC13A189D8268002A7295 /* AFHTTPSessionManager.m */; };
		80CFC14B189D8268002A7295 /* AFNetworkReachabilityManager.m in Sources */ = {isa = PBXBuildFile; fileRef = 80CFC13D189D8268002A7295 /* AFNetworkReachabilityManager.m */; };
		80CFC14C189D8268002A7295 /* AFSecurityPolicy.m in Sources */ = {isa = PBXBuildFile; fileRef = 80CFC13F189D8268002A7295 /* AFSecurityPolicy.m */; };
		80CFC14D189D8268002A7295 /* AFURLConnectionOperation.m in Sources */ = {isa = PBXBuildFile; fileRef = 80CFC141189D8268002A7295 /* AFURLConnectionOperation.m */; };
		80CFC14E189D8268002A7295 /* AFURLRequestSerialization.m in Sources */ = {isa = PBXBuildFile; fileRef = 80CFC143189D8268002A7295 /* AFURLRequestSerialization.m */; };
		80CFC14F189D8268002A7295 /* AFURLResponseSerialization.m in Sources */ = {isa = PBXBuildFile; fileRef = 80CFC145189D8268002A7295 /* AFURLResponseSerialization.m */; };
		80CFC150189D8268002A7295 /* AFURLSessionManager.m in Sources */ = {isa = PBXBuildFile; fileRef = 80CFC147189D8268002A7295 /* AFURLSessionManager.m */; };
/* End PBXBuildFile section */

/* Begin PBXContainerItemProxy section */
		80CFC119189D80BC002A7295 /* PBXContainerItemProxy */ = {
			isa = PBXContainerItemProxy;
			containerPortal = 80CFC0EB189D80BC002A7295 /* Project object */;
			proxyType = 1;
			remoteGlobalIDString = 80CFC0F2189D80BC002A7295;
			remoteInfo = Servicios;
		};
/* End PBXContainerItemProxy section */

/* Begin PBXFileReference section */
		80CFC0F3189D80BC002A7295 /* Servicios.app */ = {isa = PBXFileReference; explicitFileType = wrapper.application; includeInIndex = 0; path = Servicios.app; sourceTree = BUILT_PRODUCTS_DIR; };
		80CFC0F6189D80BC002A7295 /* Foundation.framework */ = {isa = PBXFileReference; lastKnownFileType = wrapper.framework; name = Foundation.framework; path = System/Library/Frameworks/Foundation.framework; sourceTree = SDKROOT; };
		80CFC0F8189D80BC002A7295 /* CoreGraphics.framework */ = {isa = PBXFileReference; lastKnownFileType = wrapper.framework; name = CoreGraphics.framework; path = System/Library/Frameworks/CoreGraphics.framework; sourceTree = SDKROOT; };
		80CFC0FA189D80BC002A7295 /* UIKit.framework */ = {isa = PBXFileReference; lastKnownFileType = wrapper.framework; name = UIKit.framework; path = System/Library/Frameworks/UIKit.framework; sourceTree = SDKROOT; };
		80CFC0FC189D80BC002A7295 /* CoreData.framework */ = {isa = PBXFileReference; lastKnownFileType = wrapper.framework; name = CoreData.framework; path = System/Library/Frameworks/CoreData.framework; sourceTree = SDKROOT; };
		80CFC100189D80BC002A7295 /* Servicios-Info.plist */ = {isa = PBXFileReference; lastKnownFileType = text.plist.xml; path = "Servicios-Info.plist"; sourceTree = "<group>"; };
		80CFC102189D80BC002A7295 /* en */ = {isa = PBXFileReference; lastKnownFileType = text.plist.strings; name = en; path = en.lproj/InfoPlist.strings; sourceTree = "<group>"; };
		80CFC104189D80BC002A7295 /* main.m */ = {isa = PBXFileReference; lastKnownFileType = sourcecode.c.objc; path = main.m; sourceTree = "<group>"; };
		80CFC106189D80BC002A7295 /* Servicios-Prefix.pch */ = {isa = PBXFileReference; lastKnownFileType = sourcecode.c.h; path = "Servicios-Prefix.pch"; sourceTree = "<group>"; };
		80CFC107189D80BC002A7295 /* AppDelegate.h */ = {isa = PBXFileReference; lastKnownFileType = sourcecode.c.h; path = AppDelegate.h; sourceTree = "<group>"; };
		80CFC108189D80BC002A7295 /* AppDelegate.m */ = {isa = PBXFileReference; lastKnownFileType = sourcecode.c.objc; path = AppDelegate.m; sourceTree = "<group>"; };
		80CFC10B189D80BC002A7295 /* Servicios.xcdatamodel */ = {isa = PBXFileReference; lastKnownFileType = wrapper.xcdatamodel; path = Servicios.xcdatamodel; sourceTree = "<group>"; };
		80CFC10D189D80BC002A7295 /* Images.xcassets */ = {isa = PBXFileReference; lastKnownFileType = folder.assetcatalog; path = Images.xcassets; sourceTree = "<group>"; };
		80CFC113189D80BC002A7295 /* ServiciosTests.xctest */ = {isa = PBXFileReference; explicitFileType = wrapper.cfbundle; includeInIndex = 0; path = ServiciosTests.xctest; sourceTree = BUILT_PRODUCTS_DIR; };
		80CFC114189D80BC002A7295 /* XCTest.framework */ = {isa = PBXFileReference; lastKnownFileType = wrapper.framework; name = XCTest.framework; path = Library/Frameworks/XCTest.framework; sourceTree = DEVELOPER_DIR; };
		80CFC11D189D80BC002A7295 /* ServiciosTests-Info.plist */ = {isa = PBXFileReference; lastKnownFileType = text.plist.xml; path = "ServiciosTests-Info.plist"; sourceTree = "<group>"; };
		80CFC11F189D80BC002A7295 /* en */ = {isa = PBXFileReference; lastKnownFileType = text.plist.strings; name = en; path = en.lproj/InfoPlist.strings; sourceTree = "<group>"; };
		80CFC121189D80BC002A7295 /* ServiciosTests.m */ = {isa = PBXFileReference; lastKnownFileType = sourcecode.c.objc; path = ServiciosTests.m; sourceTree = "<group>"; };
		80CFC132189D81B8002A7295 /* Servicios.storyboard */ = {isa = PBXFileReference; fileEncoding = 4; lastKnownFileType = file.storyboard; path = Servicios.storyboard; sourceTree = "<group>"; };
		80CFC135189D8268002A7295 /* AFHTTPRequestOperation.h */ = {isa = PBXFileReference; fileEncoding = 4; lastKnownFileType = sourcecode.c.h; path = AFHTTPRequestOperation.h; sourceTree = "<group>"; };
		80CFC136189D8268002A7295 /* AFHTTPRequestOperation.m */ = {isa = PBXFileReference; fileEncoding = 4; lastKnownFileType = sourcecode.c.objc; path = AFHTTPRequestOperation.m; sourceTree = "<group>"; };
		80CFC137189D8268002A7295 /* AFHTTPRequestOperationManager.h */ = {isa = PBXFileReference; fileEncoding = 4; lastKnownFileType = sourcecode.c.h; path = AFHTTPRequestOperationManager.h; sourceTree = "<group>"; };
		80CFC138189D8268002A7295 /* AFHTTPRequestOperationManager.m */ = {isa = PBXFileReference; fileEncoding = 4; lastKnownFileType = sourcecode.c.objc; path = AFHTTPRequestOperationManager.m; sourceTree = "<group>"; };
		80CFC139189D8268002A7295 /* AFHTTPSessionManager.h */ = {isa = PBXFileReference; fileEncoding = 4; lastKnownFileType = sourcecode.c.h; path = AFHTTPSessionManager.h; sourceTree = "<group>"; };
		80CFC13A189D8268002A7295 /* AFHTTPSessionManager.m */ = {isa = PBXFileReference; fileEncoding = 4; lastKnownFileType = sourcecode.c.objc; path = AFHTTPSessionManager.m; sourceTree = "<group>"; };
		80CFC13B189D8268002A7295 /* AFNetworking.h */ = {isa = PBXFileReference; fileEncoding = 4; lastKnownFileType = sourcecode.c.h; path = AFNetworking.h; sourceTree = "<group>"; };
		80CFC13C189D8268002A7295 /* AFNetworkReachabilityManager.h */ = {isa = PBXFileReference; fileEncoding = 4; lastKnownFileType = sourcecode.c.h; path = AFNetworkReachabilityManager.h; sourceTree = "<group>"; };
		80CFC13D189D8268002A7295 /* AFNetworkReachabilityManager.m */ = {isa = PBXFileReference; fileEncoding = 4; lastKnownFileType = sourcecode.c.objc; path = AFNetworkReachabilityManager.m; sourceTree = "<group>"; };
		80CFC13E189D8268002A7295 /* AFSecurityPolicy.h */ = {isa = PBXFileReference; fileEncoding = 4; lastKnownFileType = sourcecode.c.h; path = AFSecurityPolicy.h; sourceTree = "<group>"; };
		80CFC13F189D8268002A7295 /* AFSecurityPolicy.m */ = {isa = PBXFileReference; fileEncoding = 4; lastKnownFileType = sourcecode.c.objc; path = AFSecurityPolicy.m; sourceTree = "<group>"; };
		80CFC140189D8268002A7295 /* AFURLConnectionOperation.h */ = {isa = PBXFileReference; fileEncoding = 4; lastKnownFileType = sourcecode.c.h; path = AFURLConnectionOperation.h; sourceTree = "<group>"; };
		80CFC141189D8268002A7295 /* AFURLConnectionOperation.m */ = {isa = PBXFileReference; fileEncoding = 4; lastKnownFileType = sourcecode.c.objc; path = AFURLConnectionOperation.m; sourceTree = "<group>"; };
		80CFC142189D8268002A7295 /* AFURLRequestSerialization.h */ = {isa = PBXFileReference; fileEncoding = 4; lastKnownFileType = sourcecode.c.h; path = AFURLRequestSerialization.h; sourceTree = "<group>"; };
		80CFC143189D8268002A7295 /* AFURLRequestSerialization.m */ = {isa = PBXFileReference; fileEncoding = 4; lastKnownFileType = sourcecode.c.objc; path = AFURLRequestSerialization.m; sourceTree = "<group>"; };
		80CFC144189D8268002A7295 /* AFURLResponseSerialization.h */ = {isa = PBXFileReference; fileEncoding = 4; lastKnownFileType = sourcecode.c.h; path = AFURLResponseSerialization.h; sourceTree = "<group>"; };
		80CFC145189D8268002A7295 /* AFURLResponseSerialization.m */ = {isa = PBXFileReference; fileEncoding = 4; lastKnownFileType = sourcecode.c.objc; path = AFURLResponseSerialization.m; sourceTree = "<group>"; };
		80CFC146189D8268002A7295 /* AFURLSessionManager.h */ = {isa = PBXFileReference; fileEncoding = 4; lastKnownFileType = sourcecode.c.h; path = AFURLSessionManager.h; sourceTree = "<group>"; };
		80CFC147189D8268002A7295 /* AFURLSessionManager.m */ = {isa = PBXFileReference; fileEncoding = 4; lastKnownFileType = sourcecode.c.objc; path = AFURLSessionManager.m; sourceTree = "<group>"; };
/* End PBXFileReference section */

/* Begin PBXFrameworksBuildPhase section */
		80CFC0F0189D80BC002A7295 /* Frameworks */ = {
			isa = PBXFrameworksBuildPhase;
			buildActionMask = 2147483647;
			files = (
				80CFC0F9189D80BC002A7295 /* CoreGraphics.framework in Frameworks */,
				80CFC0FD189D80BC002A7295 /* CoreData.framework in Frameworks */,
				80CFC0FB189D80BC002A7295 /* UIKit.framework in Frameworks */,
				80CFC0F7189D80BC002A7295 /* Foundation.framework in Frameworks */,
			);
			runOnlyForDeploymentPostprocessing = 0;
		};
		80CFC110189D80BC002A7295 /* Frameworks */ = {
			isa = PBXFrameworksBuildPhase;
			buildActionMask = 2147483647;
			files = (
				80CFC115189D80BC002A7295 /* XCTest.framework in Frameworks */,
				80CFC118189D80BC002A7295 /* CoreData.framework in Frameworks */,
				80CFC117189D80BC002A7295 /* UIKit.framework in Frameworks */,
				80CFC116189D80BC002A7295 /* Foundation.framework in Frameworks */,
			);
			runOnlyForDeploymentPostprocessing = 0;
		};
/* End PBXFrameworksBuildPhase section */

/* Begin PBXGroup section */
		80CFC0EA189D80BC002A7295 = {
			isa = PBXGroup;
			children = (
				80CFC0FE189D80BC002A7295 /* Servicios */,
				80CFC11B189D80BC002A7295 /* ServiciosTests */,
				80CFC0F5189D80BC002A7295 /* Frameworks */,
				80CFC0F4189D80BC002A7295 /* Products */,
			);
			sourceTree = "<group>";
		};
		80CFC0F4189D80BC002A7295 /* Products */ = {
			isa = PBXGroup;
			children = (
				80CFC0F3189D80BC002A7295 /* Servicios.app */,
				80CFC113189D80BC002A7295 /* ServiciosTests.xctest */,
			);
			name = Products;
			sourceTree = "<group>";
		};
		80CFC0F5189D80BC002A7295 /* Frameworks */ = {
			isa = PBXGroup;
			children = (
				80CFC0F6189D80BC002A7295 /* Foundation.framework */,
				80CFC0F8189D80BC002A7295 /* CoreGraphics.framework */,
				80CFC0FA189D80BC002A7295 /* UIKit.framework */,
				80CFC0FC189D80BC002A7295 /* CoreData.framework */,
				80CFC114189D80BC002A7295 /* XCTest.framework */,
			);
			name = Frameworks;
			sourceTree = "<group>";
		};
		80CFC0FE189D80BC002A7295 /* Servicios */ = {
			isa = PBXGroup;
			children = (
				80CFC12B189D81A2002A7295 /* App */,
				80CFC130189D81A2002A7295 /* Resources */,
				80CFC107189D80BC002A7295 /* AppDelegate.h */,
				80CFC108189D80BC002A7295 /* AppDelegate.m */,
				80CFC10D189D80BC002A7295 /* Images.xcassets */,
				80CFC10A189D80BC002A7295 /* Servicios.xcdatamodeld */,
				80CFC0FF189D80BC002A7295 /* Supporting Files */,
				80CFC132189D81B8002A7295 /* Servicios.storyboard */,
			);
			path = Servicios;
			sourceTree = "<group>";
		};
		80CFC0FF189D80BC002A7295 /* Supporting Files */ = {
			isa = PBXGroup;
			children = (
				80CFC100189D80BC002A7295 /* Servicios-Info.plist */,
				80CFC101189D80BC002A7295 /* InfoPlist.strings */,
				80CFC104189D80BC002A7295 /* main.m */,
				80CFC106189D80BC002A7295 /* Servicios-Prefix.pch */,
			);
			name = "Supporting Files";
			sourceTree = "<group>";
		};
		80CFC11B189D80BC002A7295 /* ServiciosTests */ = {
			isa = PBXGroup;
			children = (
				80CFC121189D80BC002A7295 /* ServiciosTests.m */,
				80CFC11C189D80BC002A7295 /* Supporting Files */,
			);
			path = ServiciosTests;
			sourceTree = "<group>";
		};
		80CFC11C189D80BC002A7295 /* Supporting Files */ = {
			isa = PBXGroup;
			children = (
				80CFC11D189D80BC002A7295 /* ServiciosTests-Info.plist */,
				80CFC11E189D80BC002A7295 /* InfoPlist.strings */,
			);
			name = "Supporting Files";
			sourceTree = "<group>";
		};
		80CFC12B189D81A2002A7295 /* App */ = {
			isa = PBXGroup;
			children = (
				80CFC12C189D81A2002A7295 /* Controller */,
				80CFC12D189D81A2002A7295 /* Helpers */,
				80CFC12E189D81A2002A7295 /* Model */,
				80CFC12F189D81A2002A7295 /* View */,
			);
			path = App;
			sourceTree = "<group>";
		};
		80CFC12C189D81A2002A7295 /* Controller */ = {
			isa = PBXGroup;
			children = (
			);
			path = Controller;
			sourceTree = "<group>";
		};
		80CFC12D189D81A2002A7295 /* Helpers */ = {
			isa = PBXGroup;
			children = (
			);
			path = Helpers;
			sourceTree = "<group>";
		};
		80CFC12E189D81A2002A7295 /* Model */ = {
			isa = PBXGroup;
			children = (
			);
			path = Model;
			sourceTree = "<group>";
		};
		80CFC12F189D81A2002A7295 /* View */ = {
			isa = PBXGroup;
			children = (
			);
			path = View;
			sourceTree = "<group>";
		};
		80CFC130189D81A2002A7295 /* Resources */ = {
			isa = PBXGroup;
			children = (
				80CFC131189D81A2002A7295 /* Libraries */,
			);
			path = Resources;
			sourceTree = "<group>";
		};
		80CFC131189D81A2002A7295 /* Libraries */ = {
			isa = PBXGroup;
			children = (
				80CFC134189D8268002A7295 /* AFNetworking */,
			);
			path = Libraries;
			sourceTree = "<group>";
		};
		80CFC134189D8268002A7295 /* AFNetworking */ = {
			isa = PBXGroup;
			children = (
				80CFC135189D8268002A7295 /* AFHTTPRequestOperation.h */,
				80CFC136189D8268002A7295 /* AFHTTPRequestOperation.m */,
				80CFC137189D8268002A7295 /* AFHTTPRequestOperationManager.h */,
				80CFC138189D8268002A7295 /* AFHTTPRequestOperationManager.m */,
				80CFC139189D8268002A7295 /* AFHTTPSessionManager.h */,
				80CFC13A189D8268002A7295 /* AFHTTPSessionManager.m */,
				80CFC13B189D8268002A7295 /* AFNetworking.h */,
				80CFC13C189D8268002A7295 /* AFNetworkReachabilityManager.h */,
				80CFC13D189D8268002A7295 /* AFNetworkReachabilityManager.m */,
				80CFC13E189D8268002A7295 /* AFSecurityPolicy.h */,
				80CFC13F189D8268002A7295 /* AFSecurityPolicy.m */,
				80CFC140189D8268002A7295 /* AFURLConnectionOperation.h */,
				80CFC141189D8268002A7295 /* AFURLConnectionOperation.m */,
				80CFC142189D8268002A7295 /* AFURLRequestSerialization.h */,
				80CFC143189D8268002A7295 /* AFURLRequestSerialization.m */,
				80CFC144189D8268002A7295 /* AFURLResponseSerialization.h */,
				80CFC145189D8268002A7295 /* AFURLResponseSerialization.m */,
				80CFC146189D8268002A7295 /* AFURLSessionManager.h */,
				80CFC147189D8268002A7295 /* AFURLSessionManager.m */,
			);
			path = AFNetworking;
			sourceTree = "<group>";
		};
/* End PBXGroup section */

/* Begin PBXNativeTarget section */
		80CFC0F2189D80BC002A7295 /* Servicios */ = {
			isa = PBXNativeTarget;
			buildConfigurationList = 80CFC125189D80BC002A7295 /* Build configuration list for PBXNativeTarget "Servicios" */;
			buildPhases = (
				80CFC0EF189D80BC002A7295 /* Sources */,
				80CFC0F0189D80BC002A7295 /* Frameworks */,
				80CFC0F1189D80BC002A7295 /* Resources */,
			);
			buildRules = (
			);
			dependencies = (
			);
			name = Servicios;
			productName = Servicios;
			productReference = 80CFC0F3189D80BC002A7295 /* Servicios.app */;
			productType = "com.apple.product-type.application";
		};
		80CFC112189D80BC002A7295 /* ServiciosTests */ = {
			isa = PBXNativeTarget;
			buildConfigurationList = 80CFC128189D80BC002A7295 /* Build configuration list for PBXNativeTarget "ServiciosTests" */;
			buildPhases = (
				80CFC10F189D80BC002A7295 /* Sources */,
				80CFC110189D80BC002A7295 /* Frameworks */,
				80CFC111189D80BC002A7295 /* Resources */,
			);
			buildRules = (
			);
			dependencies = (
				80CFC11A189D80BC002A7295 /* PBXTargetDependency */,
			);
			name = ServiciosTests;
			productName = ServiciosTests;
			productReference = 80CFC113189D80BC002A7295 /* ServiciosTests.xctest */;
			productType = "com.apple.product-type.bundle.unit-test";
		};
/* End PBXNativeTarget section */

/* Begin PBXProject section */
		80CFC0EB189D80BC002A7295 /* Project object */ = {
			isa = PBXProject;
			attributes = {
				LastUpgradeCheck = 0500;
				ORGANIZATIONNAME = "Franti Saúl Huamán Mera";
				TargetAttributes = {
					80CFC112189D80BC002A7295 = {
						TestTargetID = 80CFC0F2189D80BC002A7295;
					};
				};
			};
			buildConfigurationList = 80CFC0EE189D80BC002A7295 /* Build configuration list for PBXProject "Servicios" */;
			compatibilityVersion = "Xcode 3.2";
			developmentRegion = English;
			hasScannedForEncodings = 0;
			knownRegions = (
				en,
			);
			mainGroup = 80CFC0EA189D80BC002A7295;
			productRefGroup = 80CFC0F4189D80BC002A7295 /* Products */;
			projectDirPath = "";
			projectRoot = "";
			targets = (
				80CFC0F2189D80BC002A7295 /* Servicios */,
				80CFC112189D80BC002A7295 /* ServiciosTests */,
			);
		};
/* End PBXProject section */

/* Begin PBXResourcesBuildPhase section */
		80CFC0F1189D80BC002A7295 /* Resources */ = {
			isa = PBXResourcesBuildPhase;
			buildActionMask = 2147483647;
			files = (
				80CFC133189D81B8002A7295 /* Servicios.storyboard in Resources */,
				80CFC103189D80BC002A7295 /* InfoPlist.strings in Resources */,
				80CFC10E189D80BC002A7295 /* Images.xcassets in Resources */,
			);
			runOnlyForDeploymentPostprocessing = 0;
		};
		80CFC111189D80BC002A7295 /* Resources */ = {
			isa = PBXResourcesBuildPhase;
			buildActionMask = 2147483647;
			files = (
				80CFC120189D80BC002A7295 /* InfoPlist.strings in Resources */,
			);
			runOnlyForDeploymentPostprocessing = 0;
		};
/* End PBXResourcesBuildPhase section */

/* Begin PBXSourcesBuildPhase section */
		80CFC0EF189D80BC002A7295 /* Sources */ = {
			isa = PBXSourcesBuildPhase;
			buildActionMask = 2147483647;
			files = (
				80CFC148189D8268002A7295 /* AFHTTPRequestOperation.m in Sources */,
				80CFC109189D80BC002A7295 /* AppDelegate.m in Sources */,
				80CFC149189D8268002A7295 /* AFHTTPRequestOperationManager.m in Sources */,
				80CFC14B189D8268002A7295 /* AFNetworkReachabilityManager.m in Sources */,
				80CFC14F189D8268002A7295 /* AFURLResponseSerialization.m in Sources */,
				80CFC14D189D8268002A7295 /* AFURLConnectionOperation.m in Sources */,
				80CFC14C189D8268002A7295 /* AFSecurityPolicy.m in Sources */,
				80CFC14A189D8268002A7295 /* AFHTTPSessionManager.m in Sources */,
				80CFC14E189D8268002A7295 /* AFURLRequestSerialization.m in Sources */,
				80CFC150189D8268002A7295 /* AFURLSessionManager.m in Sources */,
				80CFC105189D80BC002A7295 /* main.m in Sources */,
				80CFC10C189D80BC002A7295 /* Servicios.xcdatamodeld in Sources */,
			);
			runOnlyForDeploymentPostprocessing = 0;
		};
		80CFC10F189D80BC002A7295 /* Sources */ = {
			isa = PBXSourcesBuildPhase;
			buildActionMask = 2147483647;
			files = (
				80CFC122189D80BC002A7295 /* ServiciosTests.m in Sources */,
			);
			runOnlyForDeploymentPostprocessing = 0;
		};
/* End PBXSourcesBuildPhase section */

/* Begin PBXTargetDependency section */
		80CFC11A189D80BC002A7295 /* PBXTargetDependency */ = {
			isa = PBXTargetDependency;
			target = 80CFC0F2189D80BC002A7295 /* Servicios */;
			targetProxy = 80CFC119189D80BC002A7295 /* PBXContainerItemProxy */;
		};
/* End PBXTargetDependency section */

/* Begin PBXVariantGroup section */
		80CFC101189D80BC002A7295 /* InfoPlist.strings */ = {
			isa = PBXVariantGroup;
			children = (
				80CFC102189D80BC002A7295 /* en */,
			);
			name = InfoPlist.strings;
			sourceTree = "<group>";
		};
		80CFC11E189D80BC002A7295 /* InfoPlist.strings */ = {
			isa = PBXVariantGroup;
			children = (
				80CFC11F189D80BC002A7295 /* en */,
			);
			name = InfoPlist.strings;
			sourceTree = "<group>";
		};
/* End PBXVariantGroup section */

/* Begin XCBuildConfiguration section */
		80CFC123189D80BC002A7295 /* Debug */ = {
			isa = XCBuildConfiguration;
			buildSettings = {
				ALWAYS_SEARCH_USER_PATHS = NO;
				ARCHS = "$(ARCHS_STANDARD_INCLUDING_64_BIT)";
				CLANG_CXX_LANGUAGE_STANDARD = "gnu++0x";
				CLANG_CXX_LIBRARY = "libc++";
				CLANG_ENABLE_MODULES = YES;
				CLANG_ENABLE_OBJC_ARC = YES;
				CLANG_WARN_BOOL_CONVERSION = YES;
				CLANG_WARN_CONSTANT_CONVERSION = YES;
				CLANG_WARN_DIRECT_OBJC_ISA_USAGE = YES_ERROR;
				CLANG_WARN_EMPTY_BODY = YES;
				CLANG_WARN_ENUM_CONVERSION = YES;
				CLANG_WARN_INT_CONVERSION = YES;
				CLANG_WARN_OBJC_ROOT_CLASS = YES_ERROR;
				CLANG_WARN__DUPLICATE_METHOD_MATCH = YES;
				"CODE_SIGN_IDENTITY[sdk=iphoneos*]" = "iPhone Developer";
				COPY_PHASE_STRIP = NO;
				GCC_C_LANGUAGE_STANDARD = gnu99;
				GCC_DYNAMIC_NO_PIC = NO;
				GCC_OPTIMIZATION_LEVEL = 0;
				GCC_PREPROCESSOR_DEFINITIONS = (
					"DEBUG=1",
					"$(inherited)",
				);
				GCC_SYMBOLS_PRIVATE_EXTERN = NO;
				GCC_WARN_64_TO_32_BIT_CONVERSION = YES;
				GCC_WARN_ABOUT_RETURN_TYPE = YES_ERROR;
				GCC_WARN_UNDECLARED_SELECTOR = YES;
				GCC_WARN_UNINITIALIZED_AUTOS = YES;
				GCC_WARN_UNUSED_FUNCTION = YES;
				GCC_WARN_UNUSED_VARIABLE = YES;
				IPHONEOS_DEPLOYMENT_TARGET = 7.0;
				ONLY_ACTIVE_ARCH = YES;
				SDKROOT = iphoneos;
				TARGETED_DEVICE_FAMILY = "1,2";
			};
			name = Debug;
		};
		80CFC124189D80BC002A7295 /* Release */ = {
			isa = XCBuildConfiguration;
			buildSettings = {
				ALWAYS_SEARCH_USER_PATHS = NO;
				ARCHS = "$(ARCHS_STANDARD_INCLUDING_64_BIT)";
				CLANG_CXX_LANGUAGE_STANDARD = "gnu++0x";
				CLANG_CXX_LIBRARY = "libc++";
				CLANG_ENABLE_MODULES = YES;
				CLANG_ENABLE_OBJC_ARC = YES;
				CLANG_WARN_BOOL_CONVERSION = YES;
				CLANG_WARN_CONSTANT_CONVERSION = YES;
				CLANG_WARN_DIRECT_OBJC_ISA_USAGE = YES_ERROR;
				CLANG_WARN_EMPTY_BODY = YES;
				CLANG_WARN_ENUM_CONVERSION = YES;
				CLANG_WARN_INT_CONVERSION = YES;
				CLANG_WARN_OBJC_ROOT_CLASS = YES_ERROR;
				CLANG_WARN__DUPLICATE_METHOD_MATCH = YES;
				"CODE_SIGN_IDENTITY[sdk=iphoneos*]" = "iPhone Developer";
				COPY_PHASE_STRIP = YES;
				ENABLE_NS_ASSERTIONS = NO;
				GCC_C_LANGUAGE_STANDARD = gnu99;
				GCC_WARN_64_TO_32_BIT_CONVERSION = YES;
				GCC_WARN_ABOUT_RETURN_TYPE = YES_ERROR;
				GCC_WARN_UNDECLARED_SELECTOR = YES;
				GCC_WARN_UNINITIALIZED_AUTOS = YES;
				GCC_WARN_UNUSED_FUNCTION = YES;
				GCC_WARN_UNUSED_VARIABLE = YES;
				IPHONEOS_DEPLOYMENT_TARGET = 7.0;
				SDKROOT = iphoneos;
				TARGETED_DEVICE_FAMILY = "1,2";
				VALIDATE_PRODUCT = YES;
			};
			name = Release;
		};
		80CFC126189D80BC002A7295 /* Debug */ = {
			isa = XCBuildConfiguration;
			buildSettings = {
				ASSETCATALOG_COMPILER_APPICON_NAME = AppIcon;
				ASSETCATALOG_COMPILER_LAUNCHIMAGE_NAME = LaunchImage;
				GCC_PRECOMPILE_PREFIX_HEADER = YES;
				GCC_PREFIX_HEADER = "Servicios/Servicios-Prefix.pch";
				INFOPLIST_FILE = "Servicios/Servicios-Info.plist";
				PRODUCT_NAME = "$(TARGET_NAME)";
				TARGETED_DEVICE_FAMILY = 1;
				WRAPPER_EXTENSION = app;
			};
			name = Debug;
		};
		80CFC127189D80BC002A7295 /* Release */ = {
			isa = XCBuildConfiguration;
			buildSettings = {
				ASSETCATALOG_COMPILER_APPICON_NAME = AppIcon;
				ASSETCATALOG_COMPILER_LAUNCHIMAGE_NAME = LaunchImage;
				GCC_PRECOMPILE_PREFIX_HEADER = YES;
				GCC_PREFIX_HEADER = "Servicios/Servicios-Prefix.pch";
				INFOPLIST_FILE = "Servicios/Servicios-Info.plist";
				PRODUCT_NAME = "$(TARGET_NAME)";
				TARGETED_DEVICE_FAMILY = 1;
				WRAPPER_EXTENSION = app;
			};
			name = Release;
		};
		80CFC129189D80BC002A7295 /* Debug */ = {
			isa = XCBuildConfiguration;
			buildSettings = {
				ARCHS = "$(ARCHS_STANDARD_INCLUDING_64_BIT)";
				BUNDLE_LOADER = "$(BUILT_PRODUCTS_DIR)/Servicios.app/Servicios";
				FRAMEWORK_SEARCH_PATHS = (
					"$(SDKROOT)/Developer/Library/Frameworks",
					"$(inherited)",
					"$(DEVELOPER_FRAMEWORKS_DIR)",
				);
				GCC_PRECOMPILE_PREFIX_HEADER = YES;
				GCC_PREFIX_HEADER = "Servicios/Servicios-Prefix.pch";
				GCC_PREPROCESSOR_DEFINITIONS = (
					"DEBUG=1",
					"$(inherited)",
				);
				INFOPLIST_FILE = "ServiciosTests/ServiciosTests-Info.plist";
				PRODUCT_NAME = "$(TARGET_NAME)";
				TEST_HOST = "$(BUNDLE_LOADER)";
				WRAPPER_EXTENSION = xctest;
			};
			name = Debug;
		};
		80CFC12A189D80BC002A7295 /* Release */ = {
			isa = XCBuildConfiguration;
			buildSettings = {
				ARCHS = "$(ARCHS_STANDARD_INCLUDING_64_BIT)";
				BUNDLE_LOADER = "$(BUILT_PRODUCTS_DIR)/Servicios.app/Servicios";
				FRAMEWORK_SEARCH_PATHS = (
					"$(SDKROOT)/Developer/Library/Frameworks",
					"$(inherited)",
					"$(DEVELOPER_FRAMEWORKS_DIR)",
				);
				GCC_PRECOMPILE_PREFIX_HEADER = YES;
				GCC_PREFIX_HEADER = "Servicios/Servicios-Prefix.pch";
				INFOPLIST_FILE = "ServiciosTests/ServiciosTests-Info.plist";
				PRODUCT_NAME = "$(TARGET_NAME)";
				TEST_HOST = "$(BUNDLE_LOADER)";
				WRAPPER_EXTENSION = xctest;
			};
			name = Release;
		};
/* End XCBuildConfiguration section */

/* Begin XCConfigurationList section */
		80CFC0EE189D80BC002A7295 /* Build configuration list for PBXProject "Servicios" */ = {
			isa = XCConfigurationList;
			buildConfigurations = (
				80CFC123189D80BC002A7295 /* Debug */,
				80CFC124189D80BC002A7295 /* Release */,
			);
			defaultConfigurationIsVisible = 0;
			defaultConfigurationName = Release;
		};
		80CFC125189D80BC002A7295 /* Build configuration list for PBXNativeTarget "Servicios" */ = {
			isa = XCConfigurationList;
			buildConfigurations = (
				80CFC126189D80BC002A7295 /* Debug */,
				80CFC127189D80BC002A7295 /* Release */,
			);
			defaultConfigurationIsVisible = 0;
		};
		80CFC128189D80BC002A7295 /* Build configuration list for PBXNativeTarget "ServiciosTests" */ = {
			isa = XCConfigurationList;
			buildConfigurations = (
				80CFC129189D80BC002A7295 /* Debug */,
				80CFC12A189D80BC002A7295 /* Release */,
			);
			defaultConfigurationIsVisible = 0;
		};
/* End XCConfigurationList section */

/* Begin XCVersionGroup section */
		80CFC10A189D80BC002A7295 /* Servicios.xcdatamodeld */ = {
			isa = XCVersionGroup;
			children = (
				80CFC10B189D80BC002A7295 /* Servicios.xcdatamodel */,
			);
			currentVersion = 80CFC10B189D80BC002A7295 /* Servicios.xcdatamodel */;
			path = Servicios.xcdatamodeld;
			sourceTree = "<group>";
			versionGroupType = wrapper.xcdatamodel;
		};
/* End XCVersionGroup section */
	};
	rootObject = 80CFC0EB189D80BC002A7295 /* Project object */;
}
