// !$*UTF8*$!
{
	archiveVersion = 1;
	classes = {
	};
	objectVersion = 46;
	objects = {

/* Begin PBXBuildFile section */
		8072ED48189406840025AADB /* Foundation.framework in Frameworks */ = {isa = PBXBuildFile; fileRef = 8072ED47189406840025AADB /* Foundation.framework */; };
		8072ED4A189406840025AADB /* CoreGraphics.framework in Frameworks */ = {isa = PBXBuildFile; fileRef = 8072ED49189406840025AADB /* CoreGraphics.framework */; };
		8072ED4C189406840025AADB /* UIKit.framework in Frameworks */ = {isa = PBXBuildFile; fileRef = 8072ED4B189406840025AADB /* UIKit.framework */; };
		8072ED4E189406840025AADB /* CoreData.framework in Frameworks */ = {isa = PBXBuildFile; fileRef = 8072ED4D189406840025AADB /* CoreData.framework */; };
		8072ED54189406840025AADB /* InfoPlist.strings in Resources */ = {isa = PBXBuildFile; fileRef = 8072ED52189406840025AADB /* InfoPlist.strings */; };
		8072ED56189406840025AADB /* main.m in Sources */ = {isa = PBXBuildFile; fileRef = 8072ED55189406840025AADB /* main.m */; };
		8072ED5A189406840025AADB /* AppDelegate.m in Sources */ = {isa = PBXBuildFile; fileRef = 8072ED59189406840025AADB /* AppDelegate.m */; };
		8072ED5D189406840025AADB /* LoginFacebookParse.xcdatamodeld in Sources */ = {isa = PBXBuildFile; fileRef = 8072ED5B189406840025AADB /* LoginFacebookParse.xcdatamodeld */; };
		8072ED5F189406840025AADB /* Images.xcassets in Resources */ = {isa = PBXBuildFile; fileRef = 8072ED5E189406840025AADB /* Images.xcassets */; };
		8072ED66189406840025AADB /* XCTest.framework in Frameworks */ = {isa = PBXBuildFile; fileRef = 8072ED65189406840025AADB /* XCTest.framework */; };
		8072ED67189406840025AADB /* Foundation.framework in Frameworks */ = {isa = PBXBuildFile; fileRef = 8072ED47189406840025AADB /* Foundation.framework */; };
		8072ED68189406840025AADB /* UIKit.framework in Frameworks */ = {isa = PBXBuildFile; fileRef = 8072ED4B189406840025AADB /* UIKit.framework */; };
		8072ED69189406840025AADB /* CoreData.framework in Frameworks */ = {isa = PBXBuildFile; fileRef = 8072ED4D189406840025AADB /* CoreData.framework */; };
		8072ED71189406840025AADB /* InfoPlist.strings in Resources */ = {isa = PBXBuildFile; fileRef = 8072ED6F189406840025AADB /* InfoPlist.strings */; };
		8072ED73189406840025AADB /* LoginFacebookParseTests.m in Sources */ = {isa = PBXBuildFile; fileRef = 8072ED72189406840025AADB /* LoginFacebookParseTests.m */; };
		8072ED86189406E40025AADB /* Main_iPhone.storyboard in Resources */ = {isa = PBXBuildFile; fileRef = 8072ED85189406E40025AADB /* Main_iPhone.storyboard */; };
		8072ED8D1894085B0025AADB /* LoginViewController.m in Sources */ = {isa = PBXBuildFile; fileRef = 8072ED8C1894085B0025AADB /* LoginViewController.m */; };
		8072ED96189411470025AADB /* AppViewController.m in Sources */ = {isa = PBXBuildFile; fileRef = 8072ED95189411470025AADB /* AppViewController.m */; };
		8072ED98189414DC0025AADB /* FacebookSDK.framework in Frameworks */ = {isa = PBXBuildFile; fileRef = 8072ED97189414DC0025AADB /* FacebookSDK.framework */; };
		8072ED9A189419160025AADB /* Parse.framework in Frameworks */ = {isa = PBXBuildFile; fileRef = 8072ED99189419160025AADB /* Parse.framework */; };
		8072ED9C18941DC00025AADB /* AdSupport.framework in Frameworks */ = {isa = PBXBuildFile; fileRef = 8072ED9B18941DC00025AADB /* AdSupport.framework */; };
		8072ED9E18941DC70025AADB /* Social.framework in Frameworks */ = {isa = PBXBuildFile; fileRef = 8072ED9D18941DC70025AADB /* Social.framework */; };
		8072EDA018941DCF0025AADB /* Accounts.framework in Frameworks */ = {isa = PBXBuildFile; fileRef = 8072ED9F18941DCF0025AADB /* Accounts.framework */; };
		8072EDA218941DD50025AADB /* AudioToolbox.framework in Frameworks */ = {isa = PBXBuildFile; fileRef = 8072EDA118941DD50025AADB /* AudioToolbox.framework */; };
		8072EDA418941DDD0025AADB /* CFNetwork.framework in Frameworks */ = {isa = PBXBuildFile; fileRef = 8072EDA318941DDD0025AADB /* CFNetwork.framework */; };
		8072EDA618941DE50025AADB /* CoreLocation.framework in Frameworks */ = {isa = PBXBuildFile; fileRef = 8072EDA518941DE50025AADB /* CoreLocation.framework */; };
		8072EDA818941DF50025AADB /* libsqlite3.dylib in Frameworks */ = {isa = PBXBuildFile; fileRef = 8072EDA718941DF50025AADB /* libsqlite3.dylib */; };
		8072EDAA18941E310025AADB /* StoreKit.framework in Frameworks */ = {isa = PBXBuildFile; fileRef = 8072EDA918941E310025AADB /* StoreKit.framework */; };
		8072EDAC18941E450025AADB /* SystemConfiguration.framework in Frameworks */ = {isa = PBXBuildFile; fileRef = 8072EDAB18941E450025AADB /* SystemConfiguration.framework */; };
		8072EDAE18941E4B0025AADB /* Security.framework in Frameworks */ = {isa = PBXBuildFile; fileRef = 8072EDAD18941E4B0025AADB /* Security.framework */; };
		8072EDB018941E560025AADB /* MobileCoreServices.framework in Frameworks */ = {isa = PBXBuildFile; fileRef = 8072EDAF18941E560025AADB /* MobileCoreServices.framework */; };
		8072EDB218941E610025AADB /* libz.dylib in Frameworks */ = {isa = PBXBuildFile; fileRef = 8072EDB118941E610025AADB /* libz.dylib */; };
		8072EDB518943FA20025AADB /* NuevoRegistroViewController.m in Sources */ = {isa = PBXBuildFile; fileRef = 8072EDB418943FA20025AADB /* NuevoRegistroViewController.m */; };
/* End PBXBuildFile section */

/* Begin PBXContainerItemProxy section */
		8072ED6A189406840025AADB /* PBXContainerItemProxy */ = {
			isa = PBXContainerItemProxy;
			containerPortal = 8072ED3C189406840025AADB /* Project object */;
			proxyType = 1;
			remoteGlobalIDString = 8072ED43189406840025AADB;
			remoteInfo = LoginFacebookParse;
		};
/* End PBXContainerItemProxy section */

/* Begin PBXFileReference section */
		8072ED44189406840025AADB /* LoginFacebookParse.app */ = {isa = PBXFileReference; explicitFileType = wrapper.application; includeInIndex = 0; path = LoginFacebookParse.app; sourceTree = BUILT_PRODUCTS_DIR; };
		8072ED47189406840025AADB /* Foundation.framework */ = {isa = PBXFileReference; lastKnownFileType = wrapper.framework; name = Foundation.framework; path = System/Library/Frameworks/Foundation.framework; sourceTree = SDKROOT; };
		8072ED49189406840025AADB /* CoreGraphics.framework */ = {isa = PBXFileReference; lastKnownFileType = wrapper.framework; name = CoreGraphics.framework; path = System/Library/Frameworks/CoreGraphics.framework; sourceTree = SDKROOT; };
		8072ED4B189406840025AADB /* UIKit.framework */ = {isa = PBXFileReference; lastKnownFileType = wrapper.framework; name = UIKit.framework; path = System/Library/Frameworks/UIKit.framework; sourceTree = SDKROOT; };
		8072ED4D189406840025AADB /* CoreData.framework */ = {isa = PBXFileReference; lastKnownFileType = wrapper.framework; name = CoreData.framework; path = System/Library/Frameworks/CoreData.framework; sourceTree = SDKROOT; };
		8072ED51189406840025AADB /* LoginFacebookParse-Info.plist */ = {isa = PBXFileReference; lastKnownFileType = text.plist.xml; path = "LoginFacebookParse-Info.plist"; sourceTree = "<group>"; };
		8072ED53189406840025AADB /* en */ = {isa = PBXFileReference; lastKnownFileType = text.plist.strings; name = en; path = en.lproj/InfoPlist.strings; sourceTree = "<group>"; };
		8072ED55189406840025AADB /* main.m */ = {isa = PBXFileReference; lastKnownFileType = sourcecode.c.objc; path = main.m; sourceTree = "<group>"; };
		8072ED57189406840025AADB /* LoginFacebookParse-Prefix.pch */ = {isa = PBXFileReference; lastKnownFileType = sourcecode.c.h; path = "LoginFacebookParse-Prefix.pch"; sourceTree = "<group>"; };
		8072ED58189406840025AADB /* AppDelegate.h */ = {isa = PBXFileReference; lastKnownFileType = sourcecode.c.h; path = AppDelegate.h; sourceTree = "<group>"; };
		8072ED59189406840025AADB /* AppDelegate.m */ = {isa = PBXFileReference; lastKnownFileType = sourcecode.c.objc; path = AppDelegate.m; sourceTree = "<group>"; };
		8072ED5C189406840025AADB /* LoginFacebookParse.xcdatamodel */ = {isa = PBXFileReference; lastKnownFileType = wrapper.xcdatamodel; path = LoginFacebookParse.xcdatamodel; sourceTree = "<group>"; };
		8072ED5E189406840025AADB /* Images.xcassets */ = {isa = PBXFileReference; lastKnownFileType = folder.assetcatalog; path = Images.xcassets; sourceTree = "<group>"; };
		8072ED64189406840025AADB /* LoginFacebookParseTests.xctest */ = {isa = PBXFileReference; explicitFileType = wrapper.cfbundle; includeInIndex = 0; path = LoginFacebookParseTests.xctest; sourceTree = BUILT_PRODUCTS_DIR; };
		8072ED65189406840025AADB /* XCTest.framework */ = {isa = PBXFileReference; lastKnownFileType = wrapper.framework; name = XCTest.framework; path = Library/Frameworks/XCTest.framework; sourceTree = DEVELOPER_DIR; };
		8072ED6E189406840025AADB /* LoginFacebookParseTests-Info.plist */ = {isa = PBXFileReference; lastKnownFileType = text.plist.xml; path = "LoginFacebookParseTests-Info.plist"; sourceTree = "<group>"; };
		8072ED70189406840025AADB /* en */ = {isa = PBXFileReference; lastKnownFileType = text.plist.strings; name = en; path = en.lproj/InfoPlist.strings; sourceTree = "<group>"; };
		8072ED72189406840025AADB /* LoginFacebookParseTests.m */ = {isa = PBXFileReference; lastKnownFileType = sourcecode.c.objc; path = LoginFacebookParseTests.m; sourceTree = "<group>"; };
		8072ED85189406E40025AADB /* Main_iPhone.storyboard */ = {isa = PBXFileReference; fileEncoding = 4; lastKnownFileType = file.storyboard; path = Main_iPhone.storyboard; sourceTree = "<group>"; };
		8072ED8B1894085B0025AADB /* LoginViewController.h */ = {isa = PBXFileReference; fileEncoding = 4; lastKnownFileType = sourcecode.c.h; path = LoginViewController.h; sourceTree = "<group>"; };
		8072ED8C1894085B0025AADB /* LoginViewController.m */ = {isa = PBXFileReference; fileEncoding = 4; lastKnownFileType = sourcecode.c.objc; path = LoginViewController.m; sourceTree = "<group>"; };
		8072ED94189411470025AADB /* AppViewController.h */ = {isa = PBXFileReference; fileEncoding = 4; lastKnownFileType = sourcecode.c.h; path = AppViewController.h; sourceTree = "<group>"; };
		8072ED95189411470025AADB /* AppViewController.m */ = {isa = PBXFileReference; fileEncoding = 4; lastKnownFileType = sourcecode.c.objc; path = AppViewController.m; sourceTree = "<group>"; };
		8072ED97189414DC0025AADB /* FacebookSDK.framework */ = {isa = PBXFileReference; lastKnownFileType = wrapper.framework; path = FacebookSDK.framework; sourceTree = "<group>"; };
		8072ED99189419160025AADB /* Parse.framework */ = {isa = PBXFileReference; lastKnownFileType = wrapper.framework; path = Parse.framework; sourceTree = "<group>"; };
		8072ED9B18941DC00025AADB /* AdSupport.framework */ = {isa = PBXFileReference; lastKnownFileType = wrapper.framework; name = AdSupport.framework; path = System/Library/Frameworks/AdSupport.framework; sourceTree = SDKROOT; };
		8072ED9D18941DC70025AADB /* Social.framework */ = {isa = PBXFileReference; lastKnownFileType = wrapper.framework; name = Social.framework; path = System/Library/Frameworks/Social.framework; sourceTree = SDKROOT; };
		8072ED9F18941DCF0025AADB /* Accounts.framework */ = {isa = PBXFileReference; lastKnownFileType = wrapper.framework; name = Accounts.framework; path = System/Library/Frameworks/Accounts.framework; sourceTree = SDKROOT; };
		8072EDA118941DD50025AADB /* AudioToolbox.framework */ = {isa = PBXFileReference; lastKnownFileType = wrapper.framework; name = AudioToolbox.framework; path = System/Library/Frameworks/AudioToolbox.framework; sourceTree = SDKROOT; };
		8072EDA318941DDD0025AADB /* CFNetwork.framework */ = {isa = PBXFileReference; lastKnownFileType = wrapper.framework; name = CFNetwork.framework; path = System/Library/Frameworks/CFNetwork.framework; sourceTree = SDKROOT; };
		8072EDA518941DE50025AADB /* CoreLocation.framework */ = {isa = PBXFileReference; lastKnownFileType = wrapper.framework; name = CoreLocation.framework; path = System/Library/Frameworks/CoreLocation.framework; sourceTree = SDKROOT; };
		8072EDA718941DF50025AADB /* libsqlite3.dylib */ = {isa = PBXFileReference; lastKnownFileType = "compiled.mach-o.dylib"; name = libsqlite3.dylib; path = usr/lib/libsqlite3.dylib; sourceTree = SDKROOT; };
		8072EDA918941E310025AADB /* StoreKit.framework */ = {isa = PBXFileReference; lastKnownFileType = wrapper.framework; name = StoreKit.framework; path = System/Library/Frameworks/StoreKit.framework; sourceTree = SDKROOT; };
		8072EDAB18941E450025AADB /* SystemConfiguration.framework */ = {isa = PBXFileReference; lastKnownFileType = wrapper.framework; name = SystemConfiguration.framework; path = System/Library/Frameworks/SystemConfiguration.framework; sourceTree = SDKROOT; };
		8072EDAD18941E4B0025AADB /* Security.framework */ = {isa = PBXFileReference; lastKnownFileType = wrapper.framework; name = Security.framework; path = System/Library/Frameworks/Security.framework; sourceTree = SDKROOT; };
		8072EDAF18941E560025AADB /* MobileCoreServices.framework */ = {isa = PBXFileReference; lastKnownFileType = wrapper.framework; name = MobileCoreServices.framework; path = System/Library/Frameworks/MobileCoreServices.framework; sourceTree = SDKROOT; };
		8072EDB118941E610025AADB /* libz.dylib */ = {isa = PBXFileReference; lastKnownFileType = "compiled.mach-o.dylib"; name = libz.dylib; path = usr/lib/libz.dylib; sourceTree = SDKROOT; };
		8072EDB318943FA20025AADB /* NuevoRegistroViewController.h */ = {isa = PBXFileReference; fileEncoding = 4; lastKnownFileType = sourcecode.c.h; path = NuevoRegistroViewController.h; sourceTree = "<group>"; };
		8072EDB418943FA20025AADB /* NuevoRegistroViewController.m */ = {isa = PBXFileReference; fileEncoding = 4; lastKnownFileType = sourcecode.c.objc; path = NuevoRegistroViewController.m; sourceTree = "<group>"; };
/* End PBXFileReference section */

/* Begin PBXFrameworksBuildPhase section */
		8072ED41189406840025AADB /* Frameworks */ = {
			isa = PBXFrameworksBuildPhase;
			buildActionMask = 2147483647;
			files = (
				8072EDB218941E610025AADB /* libz.dylib in Frameworks */,
				8072EDB018941E560025AADB /* MobileCoreServices.framework in Frameworks */,
				8072EDAE18941E4B0025AADB /* Security.framework in Frameworks */,
				8072EDAC18941E450025AADB /* SystemConfiguration.framework in Frameworks */,
				8072EDAA18941E310025AADB /* StoreKit.framework in Frameworks */,
				8072EDA818941DF50025AADB /* libsqlite3.dylib in Frameworks */,
				8072EDA618941DE50025AADB /* CoreLocation.framework in Frameworks */,
				8072EDA418941DDD0025AADB /* CFNetwork.framework in Frameworks */,
				8072EDA218941DD50025AADB /* AudioToolbox.framework in Frameworks */,
				8072EDA018941DCF0025AADB /* Accounts.framework in Frameworks */,
				8072ED9E18941DC70025AADB /* Social.framework in Frameworks */,
				8072ED9C18941DC00025AADB /* AdSupport.framework in Frameworks */,
				8072ED4A189406840025AADB /* CoreGraphics.framework in Frameworks */,
				8072ED98189414DC0025AADB /* FacebookSDK.framework in Frameworks */,
				8072ED4E189406840025AADB /* CoreData.framework in Frameworks */,
				8072ED4C189406840025AADB /* UIKit.framework in Frameworks */,
				8072ED9A189419160025AADB /* Parse.framework in Frameworks */,
				8072ED48189406840025AADB /* Foundation.framework in Frameworks */,
			);
			runOnlyForDeploymentPostprocessing = 0;
		};
		8072ED61189406840025AADB /* Frameworks */ = {
			isa = PBXFrameworksBuildPhase;
			buildActionMask = 2147483647;
			files = (
				8072ED66189406840025AADB /* XCTest.framework in Frameworks */,
				8072ED69189406840025AADB /* CoreData.framework in Frameworks */,
				8072ED68189406840025AADB /* UIKit.framework in Frameworks */,
				8072ED67189406840025AADB /* Foundation.framework in Frameworks */,
			);
			runOnlyForDeploymentPostprocessing = 0;
		};
/* End PBXFrameworksBuildPhase section */

/* Begin PBXGroup section */
		8072ED3B189406840025AADB = {
			isa = PBXGroup;
			children = (
				8072ED4F189406840025AADB /* LoginFacebookParse */,
				8072ED6C189406840025AADB /* LoginFacebookParseTests */,
				8072ED46189406840025AADB /* Frameworks */,
				8072ED45189406840025AADB /* Products */,
			);
			sourceTree = "<group>";
		};
		8072ED45189406840025AADB /* Products */ = {
			isa = PBXGroup;
			children = (
				8072ED44189406840025AADB /* LoginFacebookParse.app */,
				8072ED64189406840025AADB /* LoginFacebookParseTests.xctest */,
			);
			name = Products;
			sourceTree = "<group>";
		};
		8072ED46189406840025AADB /* Frameworks */ = {
			isa = PBXGroup;
			children = (
				8072EDB118941E610025AADB /* libz.dylib */,
				8072EDAF18941E560025AADB /* MobileCoreServices.framework */,
				8072EDAD18941E4B0025AADB /* Security.framework */,
				8072EDAB18941E450025AADB /* SystemConfiguration.framework */,
				8072EDA918941E310025AADB /* StoreKit.framework */,
				8072EDA718941DF50025AADB /* libsqlite3.dylib */,
				8072EDA518941DE50025AADB /* CoreLocation.framework */,
				8072EDA318941DDD0025AADB /* CFNetwork.framework */,
				8072EDA118941DD50025AADB /* AudioToolbox.framework */,
				8072ED9F18941DCF0025AADB /* Accounts.framework */,
				8072ED9D18941DC70025AADB /* Social.framework */,
				8072ED9B18941DC00025AADB /* AdSupport.framework */,
				8072ED99189419160025AADB /* Parse.framework */,
				8072ED97189414DC0025AADB /* FacebookSDK.framework */,
				8072ED47189406840025AADB /* Foundation.framework */,
				8072ED49189406840025AADB /* CoreGraphics.framework */,
				8072ED4B189406840025AADB /* UIKit.framework */,
				8072ED4D189406840025AADB /* CoreData.framework */,
				8072ED65189406840025AADB /* XCTest.framework */,
			);
			name = Frameworks;
			sourceTree = "<group>";
		};
		8072ED4F189406840025AADB /* LoginFacebookParse */ = {
			isa = PBXGroup;
			children = (
				8072ED7C189406BB0025AADB /* App */,
				8072ED81189406BB0025AADB /* Resources */,
				8072ED58189406840025AADB /* AppDelegate.h */,
				8072ED59189406840025AADB /* AppDelegate.m */,
				8072ED5E189406840025AADB /* Images.xcassets */,
				8072ED5B189406840025AADB /* LoginFacebookParse.xcdatamodeld */,
				8072ED50189406840025AADB /* Supporting Files */,
			);
			path = LoginFacebookParse;
			sourceTree = "<group>";
		};
		8072ED50189406840025AADB /* Supporting Files */ = {
			isa = PBXGroup;
			children = (
				8072ED51189406840025AADB /* LoginFacebookParse-Info.plist */,
				8072ED52189406840025AADB /* InfoPlist.strings */,
				8072ED55189406840025AADB /* main.m */,
				8072ED57189406840025AADB /* LoginFacebookParse-Prefix.pch */,
			);
			name = "Supporting Files";
			sourceTree = "<group>";
		};
		8072ED6C189406840025AADB /* LoginFacebookParseTests */ = {
			isa = PBXGroup;
			children = (
				8072ED72189406840025AADB /* LoginFacebookParseTests.m */,
				8072ED6D189406840025AADB /* Supporting Files */,
			);
			path = LoginFacebookParseTests;
			sourceTree = "<group>";
		};
		8072ED6D189406840025AADB /* Supporting Files */ = {
			isa = PBXGroup;
			children = (
				8072ED6E189406840025AADB /* LoginFacebookParseTests-Info.plist */,
				8072ED6F189406840025AADB /* InfoPlist.strings */,
			);
			name = "Supporting Files";
			sourceTree = "<group>";
		};
		8072ED7C189406BB0025AADB /* App */ = {
			isa = PBXGroup;
			children = (
				8072ED7D189406BB0025AADB /* Controller */,
				8072ED7E189406BB0025AADB /* Helpers */,
				8072ED7F189406BB0025AADB /* Model */,
				8072ED80189406BB0025AADB /* View */,
			);
			path = App;
			sourceTree = "<group>";
		};
		8072ED7D189406BB0025AADB /* Controller */ = {
			isa = PBXGroup;
			children = (
			);
			path = Controller;
			sourceTree = "<group>";
		};
		8072ED7E189406BB0025AADB /* Helpers */ = {
			isa = PBXGroup;
			children = (
			);
			path = Helpers;
			sourceTree = "<group>";
		};
		8072ED7F189406BB0025AADB /* Model */ = {
			isa = PBXGroup;
			children = (
			);
			path = Model;
			sourceTree = "<group>";
		};
		8072ED80189406BB0025AADB /* View */ = {
			isa = PBXGroup;
			children = (
				8072ED93189411470025AADB /* Lista */,
				8072ED8A1894085B0025AADB /* Login */,
			);
			path = View;
			sourceTree = "<group>";
		};
		8072ED81189406BB0025AADB /* Resources */ = {
			isa = PBXGroup;
			children = (
				8072ED84189406D30025AADB /* Storyboards */,
				8072ED82189406BB0025AADB /* Images */,
				8072ED83189406BB0025AADB /* Libraries */,
			);
			path = Resources;
			sourceTree = "<group>";
		};
		8072ED82189406BB0025AADB /* Images */ = {
			isa = PBXGroup;
			children = (
			);
			path = Images;
			sourceTree = "<group>";
		};
		8072ED83189406BB0025AADB /* Libraries */ = {
			isa = PBXGroup;
			children = (
			);
			path = Libraries;
			sourceTree = "<group>";
		};
		8072ED84189406D30025AADB /* Storyboards */ = {
			isa = PBXGroup;
			children = (
				8072ED85189406E40025AADB /* Main_iPhone.storyboard */,
			);
			path = Storyboards;
			sourceTree = "<group>";
		};
		8072ED8A1894085B0025AADB /* Login */ = {
			isa = PBXGroup;
			children = (
				8072ED8B1894085B0025AADB /* LoginViewController.h */,
				8072ED8C1894085B0025AADB /* LoginViewController.m */,
			);
			path = Login;
			sourceTree = "<group>";
		};
		8072ED93189411470025AADB /* Lista */ = {
			isa = PBXGroup;
			children = (
				8072ED94189411470025AADB /* AppViewController.h */,
				8072ED95189411470025AADB /* AppViewController.m */,
				8072EDB318943FA20025AADB /* NuevoRegistroViewController.h */,
				8072EDB418943FA20025AADB /* NuevoRegistroViewController.m */,
			);
			path = Lista;
			sourceTree = "<group>";
		};
/* End PBXGroup section */

/* Begin PBXNativeTarget section */
		8072ED43189406840025AADB /* LoginFacebookParse */ = {
			isa = PBXNativeTarget;
			buildConfigurationList = 8072ED76189406840025AADB /* Build configuration list for PBXNativeTarget "LoginFacebookParse" */;
			buildPhases = (
				8072ED40189406840025AADB /* Sources */,
				8072ED41189406840025AADB /* Frameworks */,
				8072ED42189406840025AADB /* Resources */,
			);
			buildRules = (
			);
			dependencies = (
			);
			name = LoginFacebookParse;
			productName = LoginFacebookParse;
			productReference = 8072ED44189406840025AADB /* LoginFacebookParse.app */;
			productType = "com.apple.product-type.application";
		};
		8072ED63189406840025AADB /* LoginFacebookParseTests */ = {
			isa = PBXNativeTarget;
			buildConfigurationList = 8072ED79189406840025AADB /* Build configuration list for PBXNativeTarget "LoginFacebookParseTests" */;
			buildPhases = (
				8072ED60189406840025AADB /* Sources */,
				8072ED61189406840025AADB /* Frameworks */,
				8072ED62189406840025AADB /* Resources */,
			);
			buildRules = (
			);
			dependencies = (
				8072ED6B189406840025AADB /* PBXTargetDependency */,
			);
			name = LoginFacebookParseTests;
			productName = LoginFacebookParseTests;
			productReference = 8072ED64189406840025AADB /* LoginFacebookParseTests.xctest */;
			productType = "com.apple.product-type.bundle.unit-test";
		};
/* End PBXNativeTarget section */

/* Begin PBXProject section */
		8072ED3C189406840025AADB /* Project object */ = {
			isa = PBXProject;
			attributes = {
				LastUpgradeCheck = 0500;
				ORGANIZATIONNAME = "Franti Saúl Huamán Mera";
				TargetAttributes = {
					8072ED63189406840025AADB = {
						TestTargetID = 8072ED43189406840025AADB;
					};
				};
			};
			buildConfigurationList = 8072ED3F189406840025AADB /* Build configuration list for PBXProject "LoginFacebookParse" */;
			compatibilityVersion = "Xcode 3.2";
			developmentRegion = English;
			hasScannedForEncodings = 0;
			knownRegions = (
				en,
			);
			mainGroup = 8072ED3B189406840025AADB;
			productRefGroup = 8072ED45189406840025AADB /* Products */;
			projectDirPath = "";
			projectRoot = "";
			targets = (
				8072ED43189406840025AADB /* LoginFacebookParse */,
				8072ED63189406840025AADB /* LoginFacebookParseTests */,
			);
		};
/* End PBXProject section */

/* Begin PBXResourcesBuildPhase section */
		8072ED42189406840025AADB /* Resources */ = {
			isa = PBXResourcesBuildPhase;
			buildActionMask = 2147483647;
			files = (
				8072ED54189406840025AADB /* InfoPlist.strings in Resources */,
				8072ED5F189406840025AADB /* Images.xcassets in Resources */,
				8072ED86189406E40025AADB /* Main_iPhone.storyboard in Resources */,
			);
			runOnlyForDeploymentPostprocessing = 0;
		};
		8072ED62189406840025AADB /* Resources */ = {
			isa = PBXResourcesBuildPhase;
			buildActionMask = 2147483647;
			files = (
				8072ED71189406840025AADB /* InfoPlist.strings in Resources */,
			);
			runOnlyForDeploymentPostprocessing = 0;
		};
/* End PBXResourcesBuildPhase section */

/* Begin PBXSourcesBuildPhase section */
		8072ED40189406840025AADB /* Sources */ = {
			isa = PBXSourcesBuildPhase;
			buildActionMask = 2147483647;
			files = (
				8072ED96189411470025AADB /* AppViewController.m in Sources */,
				8072EDB518943FA20025AADB /* NuevoRegistroViewController.m in Sources */,
				8072ED8D1894085B0025AADB /* LoginViewController.m in Sources */,
				8072ED5A189406840025AADB /* AppDelegate.m in Sources */,
				8072ED5D189406840025AADB /* LoginFacebookParse.xcdatamodeld in Sources */,
				8072ED56189406840025AADB /* main.m in Sources */,
			);
			runOnlyForDeploymentPostprocessing = 0;
		};
		8072ED60189406840025AADB /* Sources */ = {
			isa = PBXSourcesBuildPhase;
			buildActionMask = 2147483647;
			files = (
				8072ED73189406840025AADB /* LoginFacebookParseTests.m in Sources */,
			);
			runOnlyForDeploymentPostprocessing = 0;
		};
/* End PBXSourcesBuildPhase section */

/* Begin PBXTargetDependency section */
		8072ED6B189406840025AADB /* PBXTargetDependency */ = {
			isa = PBXTargetDependency;
			target = 8072ED43189406840025AADB /* LoginFacebookParse */;
			targetProxy = 8072ED6A189406840025AADB /* PBXContainerItemProxy */;
		};
/* End PBXTargetDependency section */

/* Begin PBXVariantGroup section */
		8072ED52189406840025AADB /* InfoPlist.strings */ = {
			isa = PBXVariantGroup;
			children = (
				8072ED53189406840025AADB /* en */,
			);
			name = InfoPlist.strings;
			sourceTree = "<group>";
		};
		8072ED6F189406840025AADB /* InfoPlist.strings */ = {
			isa = PBXVariantGroup;
			children = (
				8072ED70189406840025AADB /* en */,
			);
			name = InfoPlist.strings;
			sourceTree = "<group>";
		};
/* End PBXVariantGroup section */

/* Begin XCBuildConfiguration section */
		8072ED74189406840025AADB /* Debug */ = {
			isa = XCBuildConfiguration;
			buildSettings = {
				ALWAYS_SEARCH_USER_PATHS = NO;
				ARCHS = "$(ARCHS_STANDARD_INCLUDING_64_BIT)";
				CLANG_CXX_LANGUAGE_STANDARD = "gnu++0x";
				CLANG_CXX_LIBRARY = "libc++";
				CLANG_ENABLE_MODULES = YES;
				CLANG_ENABLE_OBJC_ARC = YES;
				CLANG_WARN_BOOL_CONVERSION = YES;
				CLANG_WARN_CONSTANT_CONVERSION = YES;
				CLANG_WARN_DIRECT_OBJC_ISA_USAGE = YES_ERROR;
				CLANG_WARN_EMPTY_BODY = YES;
				CLANG_WARN_ENUM_CONVERSION = YES;
				CLANG_WARN_INT_CONVERSION = YES;
				CLANG_WARN_OBJC_ROOT_CLASS = YES_ERROR;
				CLANG_WARN__DUPLICATE_METHOD_MATCH = YES;
				"CODE_SIGN_IDENTITY[sdk=iphoneos*]" = "iPhone Developer";
				COPY_PHASE_STRIP = NO;
				GCC_C_LANGUAGE_STANDARD = gnu99;
				GCC_DYNAMIC_NO_PIC = NO;
				GCC_OPTIMIZATION_LEVEL = 0;
				GCC_PREPROCESSOR_DEFINITIONS = (
					"DEBUG=1",
					"$(inherited)",
				);
				GCC_SYMBOLS_PRIVATE_EXTERN = NO;
				GCC_WARN_64_TO_32_BIT_CONVERSION = YES;
				GCC_WARN_ABOUT_RETURN_TYPE = YES_ERROR;
				GCC_WARN_UNDECLARED_SELECTOR = YES;
				GCC_WARN_UNINITIALIZED_AUTOS = YES;
				GCC_WARN_UNUSED_FUNCTION = YES;
				GCC_WARN_UNUSED_VARIABLE = YES;
				IPHONEOS_DEPLOYMENT_TARGET = 7.0;
				ONLY_ACTIVE_ARCH = YES;
				SDKROOT = iphoneos;
			};
			name = Debug;
		};
		8072ED75189406840025AADB /* Release */ = {
			isa = XCBuildConfiguration;
			buildSettings = {
				ALWAYS_SEARCH_USER_PATHS = NO;
				ARCHS = "$(ARCHS_STANDARD_INCLUDING_64_BIT)";
				CLANG_CXX_LANGUAGE_STANDARD = "gnu++0x";
				CLANG_CXX_LIBRARY = "libc++";
				CLANG_ENABLE_MODULES = YES;
				CLANG_ENABLE_OBJC_ARC = YES;
				CLANG_WARN_BOOL_CONVERSION = YES;
				CLANG_WARN_CONSTANT_CONVERSION = YES;
				CLANG_WARN_DIRECT_OBJC_ISA_USAGE = YES_ERROR;
				CLANG_WARN_EMPTY_BODY = YES;
				CLANG_WARN_ENUM_CONVERSION = YES;
				CLANG_WARN_INT_CONVERSION = YES;
				CLANG_WARN_OBJC_ROOT_CLASS = YES_ERROR;
				CLANG_WARN__DUPLICATE_METHOD_MATCH = YES;
				"CODE_SIGN_IDENTITY[sdk=iphoneos*]" = "iPhone Developer";
				COPY_PHASE_STRIP = YES;
				ENABLE_NS_ASSERTIONS = NO;
				GCC_C_LANGUAGE_STANDARD = gnu99;
				GCC_WARN_64_TO_32_BIT_CONVERSION = YES;
				GCC_WARN_ABOUT_RETURN_TYPE = YES_ERROR;
				GCC_WARN_UNDECLARED_SELECTOR = YES;
				GCC_WARN_UNINITIALIZED_AUTOS = YES;
				GCC_WARN_UNUSED_FUNCTION = YES;
				GCC_WARN_UNUSED_VARIABLE = YES;
				IPHONEOS_DEPLOYMENT_TARGET = 7.0;
				SDKROOT = iphoneos;
				VALIDATE_PRODUCT = YES;
			};
			name = Release;
		};
		8072ED77189406840025AADB /* Debug */ = {
			isa = XCBuildConfiguration;
			buildSettings = {
				ASSETCATALOG_COMPILER_APPICON_NAME = AppIcon;
				ASSETCATALOG_COMPILER_LAUNCHIMAGE_NAME = LaunchImage;
				FRAMEWORK_SEARCH_PATHS = (
					"$(inherited)",
					/Users/Franti/Documents/github/grupo08/iOSDev_Group08/module_3/class_01/LoginFacebookParse,
					/Users/Franti/Documents/github/newGroup08/iOSDev_Group08/module_3/class_01/LoginFacebookParse,
				);
				GCC_PRECOMPILE_PREFIX_HEADER = YES;
				GCC_PREFIX_HEADER = "LoginFacebookParse/LoginFacebookParse-Prefix.pch";
				INFOPLIST_FILE = "LoginFacebookParse/LoginFacebookParse-Info.plist";
				PRODUCT_NAME = "$(TARGET_NAME)";
				WRAPPER_EXTENSION = app;
			};
			name = Debug;
		};
		8072ED78189406840025AADB /* Release */ = {
			isa = XCBuildConfiguration;
			buildSettings = {
				ASSETCATALOG_COMPILER_APPICON_NAME = AppIcon;
				ASSETCATALOG_COMPILER_LAUNCHIMAGE_NAME = LaunchImage;
				FRAMEWORK_SEARCH_PATHS = (
					"$(inherited)",
					/Users/Franti/Documents/github/grupo08/iOSDev_Group08/module_3/class_01/LoginFacebookParse,
					/Users/Franti/Documents/github/newGroup08/iOSDev_Group08/module_3/class_01/LoginFacebookParse,
				);
				GCC_PRECOMPILE_PREFIX_HEADER = YES;
				GCC_PREFIX_HEADER = "LoginFacebookParse/LoginFacebookParse-Prefix.pch";
				INFOPLIST_FILE = "LoginFacebookParse/LoginFacebookParse-Info.plist";
				PRODUCT_NAME = "$(TARGET_NAME)";
				WRAPPER_EXTENSION = app;
			};
			name = Release;
		};
		8072ED7A189406840025AADB /* Debug */ = {
			isa = XCBuildConfiguration;
			buildSettings = {
				ARCHS = "$(ARCHS_STANDARD_INCLUDING_64_BIT)";
				BUNDLE_LOADER = "$(BUILT_PRODUCTS_DIR)/LoginFacebookParse.app/LoginFacebookParse";
				FRAMEWORK_SEARCH_PATHS = (
					"$(SDKROOT)/Developer/Library/Frameworks",
					"$(inherited)",
					"$(DEVELOPER_FRAMEWORKS_DIR)",
				);
				GCC_PRECOMPILE_PREFIX_HEADER = YES;
				GCC_PREFIX_HEADER = "LoginFacebookParse/LoginFacebookParse-Prefix.pch";
				GCC_PREPROCESSOR_DEFINITIONS = (
					"DEBUG=1",
					"$(inherited)",
				);
				INFOPLIST_FILE = "LoginFacebookParseTests/LoginFacebookParseTests-Info.plist";
				PRODUCT_NAME = "$(TARGET_NAME)";
				TEST_HOST = "$(BUNDLE_LOADER)";
				WRAPPER_EXTENSION = xctest;
			};
			name = Debug;
		};
		8072ED7B189406840025AADB /* Release */ = {
			isa = XCBuildConfiguration;
			buildSettings = {
				ARCHS = "$(ARCHS_STANDARD_INCLUDING_64_BIT)";
				BUNDLE_LOADER = "$(BUILT_PRODUCTS_DIR)/LoginFacebookParse.app/LoginFacebookParse";
				FRAMEWORK_SEARCH_PATHS = (
					"$(SDKROOT)/Developer/Library/Frameworks",
					"$(inherited)",
					"$(DEVELOPER_FRAMEWORKS_DIR)",
				);
				GCC_PRECOMPILE_PREFIX_HEADER = YES;
				GCC_PREFIX_HEADER = "LoginFacebookParse/LoginFacebookParse-Prefix.pch";
				INFOPLIST_FILE = "LoginFacebookParseTests/LoginFacebookParseTests-Info.plist";
				PRODUCT_NAME = "$(TARGET_NAME)";
				TEST_HOST = "$(BUNDLE_LOADER)";
				WRAPPER_EXTENSION = xctest;
			};
			name = Release;
		};
/* End XCBuildConfiguration section */

/* Begin XCConfigurationList section */
		8072ED3F189406840025AADB /* Build configuration list for PBXProject "LoginFacebookParse" */ = {
			isa = XCConfigurationList;
			buildConfigurations = (
				8072ED74189406840025AADB /* Debug */,
				8072ED75189406840025AADB /* Release */,
			);
			defaultConfigurationIsVisible = 0;
			defaultConfigurationName = Release;
		};
		8072ED76189406840025AADB /* Build configuration list for PBXNativeTarget "LoginFacebookParse" */ = {
			isa = XCConfigurationList;
			buildConfigurations = (
				8072ED77189406840025AADB /* Debug */,
				8072ED78189406840025AADB /* Release */,
			);
			defaultConfigurationIsVisible = 0;
			defaultConfigurationName = Release;
		};
		8072ED79189406840025AADB /* Build configuration list for PBXNativeTarget "LoginFacebookParseTests" */ = {
			isa = XCConfigurationList;
			buildConfigurations = (
				8072ED7A189406840025AADB /* Debug */,
				8072ED7B189406840025AADB /* Release */,
			);
			defaultConfigurationIsVisible = 0;
			defaultConfigurationName = Release;
		};
/* End XCConfigurationList section */

/* Begin XCVersionGroup section */
		8072ED5B189406840025AADB /* LoginFacebookParse.xcdatamodeld */ = {
			isa = XCVersionGroup;
			children = (
				8072ED5C189406840025AADB /* LoginFacebookParse.xcdatamodel */,
			);
			currentVersion = 8072ED5C189406840025AADB /* LoginFacebookParse.xcdatamodel */;
			path = LoginFacebookParse.xcdatamodeld;
			sourceTree = "<group>";
			versionGroupType = wrapper.xcdatamodel;
		};
/* End XCVersionGroup section */
	};
	rootObject = 8072ED3C189406840025AADB /* Project object */;
}
